# @generated - this file is auto-generated by `mise lock` https://mise.jdx.dev/dev-tools/mise-lock.html

lockfile_version = 3

[[tools.kubectl]]
version = "1.37.1"
backend = "aqua:kubernetes/kubernetes/kubectl"
specifiers = [
    "1.36.1",
    "1.37.1",
]

[tools.kubectl."platforms.linux-arm64"]
checksum = "sha256:ff749f4b78d9c4f1ec87307df9b50119ed819e2094aa9810cb9acffc3286c8c7"
url = "https://dl.k8s.io/v1.37.1/bin/linux/arm64/kubectl"

[tools.kubectl."platforms.linux-arm64-musl"]
checksum = "sha256:ff749f4b78d9c4f1ec87307df9b50119ed819e2094aa9810cb9acffc3286c8c7"
url = "https://dl.k8s.io/v1.37.1/bin/linux/arm64/kubectl"

[tools.kubectl."platforms.linux-x64"]
checksum = "sha256:65691ff77eb6fa44c908b77a1082c9f092c3b9733b5cefabec0d1104890e21a8"
url = "https://dl.k8s.io/v1.37.1/bin/linux/amd64/kubectl"

[tools.kubectl."platforms.linux-x64-musl"]
checksum = "sha256:65691ff77eb6fa44c908b77a1082c9f092c3b9733b5cefabec0d1104890e21a8"
url = "https://dl.k8s.io/v1.37.1/bin/linux/amd64/kubectl"

[tools.kubectl."platforms.macos-arm64"]
checksum = "sha256:fd65982c97ddad3106754b69ffa196d0e543aa591930ae52aed1adfb92f8c77f"
url = "https://dl.k8s.io/v1.37.1/bin/darwin/arm64/kubectl"

[tools.kubectl."platforms.macos-x64"]
checksum = "sha256:6851381c486ff6edd691623e3d65c87cb9a5b02887ff8fbbb38d8a031b748387"
url = "https://dl.k8s.io/v1.37.1/bin/darwin/amd64/kubectl"

[tools.kubectl."platforms.windows-x64"]
checksum = "sha256:14b93c4916a6f37a06fbc1f46b0a1d2404c4f9741be09f00d6caf8af3b05f1d3"
url = "https://dl.k8s.io/v1.37.1/bin/windows/amd64/kubectl.exe"

[[tools.pre-commit]]
version = "4.6.2"
backend = "aqua:pre-commit/pre-commit"
specifiers = ["4.6.2"]

[tools.pre-commit."platforms.linux-arm64"]
checksum = "sha256:43c09a73d82af8efff09900e60d76d67a2c3d990613c3c770b2b5c4418a16c4b"
url = "https://github.com/pre-commit/pre-commit/releases/download/v4.6.2/pre-commit-4.6.2.pyz"
url_api = "https://api.github.com/repos/pre-commit/pre-commit/releases/assets/509317714"

[tools.pre-commit."platforms.linux-arm64-musl"]
checksum = "sha256:43c09a73d82af8efff09900e60d76d67a2c3d990613c3c770b2b5c4418a16c4b"
url = "https://github.com/pre-commit/pre-commit/releases/download/v4.6.2/pre-commit-4.6.2.pyz"
url_api = "https://api.github.com/repos/pre-commit/pre-commit/releases/assets/509317714"

[tools.pre-commit."platforms.linux-x64"]
checksum = "sha256:43c09a73d82af8efff09900e60d76d67a2c3d990613c3c770b2b5c4418a16c4b"
url = "https://github.com/pre-commit/pre-commit/releases/download/v4.6.2/pre-commit-4.6.2.pyz"
url_api = "https://api.github.com/repos/pre-commit/pre-commit/releases/assets/509317714"

[tools.pre-commit."platforms.linux-x64-musl"]
checksum = "sha256:43c09a73d82af8efff09900e60d76d67a2c3d990613c3c770b2b5c4418a16c4b"
url = "https://github.com/pre-commit/pre-commit/releases/download/v4.6.2/pre-commit-4.6.2.pyz"
url_api = "https://api.github.com/repos/pre-commit/pre-commit/releases/assets/509317714"

[tools.pre-commit."platforms.macos-arm64"]
checksum = "sha256:43c09a73d82af8efff09900e60d76d67a2c3d990613c3c770b2b5c4418a16c4b"
url = "https://github.com/pre-commit/pre-commit/releases/download/v4.6.2/pre-commit-4.6.2.pyz"
url_api = "https://api.github.com/repos/pre-commit/pre-commit/releases/assets/509317714"

[tools.pre-commit."platforms.macos-x64"]
checksum = "sha256:43c09a73d82af8efff09900e60d76d67a2c3d990613c3c770b2b5c4418a16c4b"
url = "https://github.com/pre-commit/pre-commit/releases/download/v4.6.2/pre-commit-4.6.2.pyz"
url_api = "https://api.github.com/repos/pre-commit/pre-commit/releases/assets/509317714"

[[tools.talosctl]]
version = "1.13.3"
backend = "aqua:siderolabs/talos"
specifiers = ["1.13.3"]

[tools.talosctl."platforms.linux-arm64"]
checksum = "sha256:549bcdf2bce9552bc6aee69bd6fb5b0618efb048831cdf729b3dbf92b59f3ae0"
url = "https://github.com/siderolabs/talos/releases/download/v1.13.3/talosctl-linux-arm64"
url_api = "https://api.github.com/repos/siderolabs/talos/releases/assets/430040679"
provenance = "cosign"

[tools.talosctl."platforms.linux-arm64-musl"]
checksum = "sha256:549bcdf2bce9552bc6aee69bd6fb5b0618efb048831cdf729b3dbf92b59f3ae0"
url = "https://github.com/siderolabs/talos/releases/download/v1.13.3/talosctl-linux-arm64"
url_api = "https://api.github.com/repos/siderolabs/talos/releases/assets/430040679"
provenance = "cosign"

[tools.talosctl."platforms.linux-x64"]
checksum = "sha256:50e87176dc532fd82b3136f321e8c292e175c98a4c6573c505b07fef21e476cf"
url = "https://github.com/siderolabs/talos/releases/download/v1.13.3/talosctl-linux-amd64"
url_api = "https://api.github.com/repos/siderolabs/talos/releases/assets/430040648"
provenance = "cosign"

[tools.talosctl."platforms.linux-x64-musl"]
checksum = "sha256:50e87176dc532fd82b3136f321e8c292e175c98a4c6573c505b07fef21e476cf"
url = "https://github.com/siderolabs/talos/releases/download/v1.13.3/talosctl-linux-amd64"
url_api = "https://api.github.com/repos/siderolabs/talos/releases/assets/430040648"
provenance = "cosign"

[tools.talosctl."platforms.macos-arm64"]
checksum = "sha256:badbf454e3fea46018af69b8704b7acdccb7a70906538619da6bdabc382c8f05"
url = "https://github.com/siderolabs/talos/releases/download/v1.13.3/talosctl-darwin-arm64"
url_api = "https://api.github.com/repos/siderolabs/talos/releases/assets/430040658"
provenance = "cosign"

[tools.talosctl."platforms.macos-x64"]
checksum = "sha256:e283191829456c5e24c2619f54f1e28864b8140b142979c2c42d7564c1aaf4da"
url = "https://github.com/siderolabs/talos/releases/download/v1.13.3/talosctl-darwin-amd64"
url_api = "https://api.github.com/repos/siderolabs/talos/releases/assets/430040696"
provenance = "cosign"

[tools.talosctl."platforms.windows-x64"]
checksum = "sha256:22d2c65571cb023b16ece5ef58e14f8e5e6f1e35927f8db8271b35ce22eb6c96"
url = "https://github.com/siderolabs/talos/releases/download/v1.13.3/talosctl-windows-amd64.exe"
url_api = "https://api.github.com/repos/siderolabs/talos/releases/assets/430040651"
provenance = "cosign"

[[tools.terraform]]
version = "1.16.5"
backend = "aqua:hashicorp/terraform"
specifiers = ["1.16.5"]

[tools.terraform."platforms.linux-arm64"]
checksum = "sha256:61a50b00485ee4810cf20581ef080fc54d34d666e175c58d9a10501c65c1ccde"
url = "https://releases.hashicorp.com/terraform/1.16.5/terraform_1.16.5_linux_arm64.zip"

[tools.terraform."platforms.linux-arm64-musl"]
checksum = "sha256:61a50b00485ee4810cf20581ef080fc54d34d666e175c58d9a10501c65c1ccde"
url = "https://releases.hashicorp.com/terraform/1.16.5/terraform_1.16.5_linux_arm64.zip"

[tools.terraform."platforms.linux-x64"]
checksum = "sha256:2bc2fcfff033265c9e02ca0351f01794eb122f62a9b2a49a3294b9e49eaab5e4"
url = "https://releases.hashicorp.com/terraform/1.16.5/terraform_1.16.5_linux_amd64.zip"

[tools.terraform."platforms.linux-x64-musl"]
checksum = "sha256:2bc2fcfff033265c9e02ca0351f01794eb122f62a9b2a49a3294b9e49eaab5e4"
url = "https://releases.hashicorp.com/terraform/1.16.5/terraform_1.16.5_linux_amd64.zip"

[tools.terraform."platforms.macos-arm64"]
checksum = "sha256:ecdef65e24193d627f27c39baeda31295f08c938d8a3d4764f442fb916d4b7dc"
url = "https://releases.hashicorp.com/terraform/1.16.5/terraform_1.16.5_darwin_arm64.zip"

[tools.terraform."platforms.macos-x64"]
checksum = "sha256:9809158e481cf2d3a8433e59179f397b8edb5172397711bd98f6bb32edcaf53b"
url = "https://releases.hashicorp.com/terraform/1.16.5/terraform_1.16.5_darwin_amd64.zip"

[tools.terraform."platforms.windows-x64"]
checksum = "sha256:01700102b7291f95c0ab61394b55bfd5f57a12ac65632c2c1958691c8cf438ef"
url = "https://releases.hashicorp.com/terraform/1.16.5/terraform_1.16.5_windows_amd64.zip"

[[tools.terraform-docs]]
version = "0.24.0"
backend = "aqua:terraform-docs/terraform-docs"
specifiers = ["0.24.0"]

[tools.terraform-docs."platforms.linux-arm64"]
checksum = "sha256:d12bd7b73c1fc9c64efc79f8157dd713dabd559f1ecf3cfc0f42e32279a155fd"
url = "https://github.com/terraform-docs/terraform-docs/releases/download/v0.24.0/terraform-docs-v0.24.0-linux-arm64.tar.gz"
url_api = "https://api.github.com/repos/terraform-docs/terraform-docs/releases/assets/416956212"

[tools.terraform-docs."platforms.linux-arm64-musl"]
checksum = "sha256:d12bd7b73c1fc9c64efc79f8157dd713dabd559f1ecf3cfc0f42e32279a155fd"
url = "https://github.com/terraform-docs/terraform-docs/releases/download/v0.24.0/terraform-docs-v0.24.0-linux-arm64.tar.gz"
url_api = "https://api.github.com/repos/terraform-docs/terraform-docs/releases/assets/416956212"

[tools.terraform-docs."platforms.linux-x64"]
checksum = "sha256:9005daf969de0b50134493a2c00078b49f5f5b39d021cda7c89bf4d4f3d776d3"
url = "https://github.com/terraform-docs/terraform-docs/releases/download/v0.24.0/terraform-docs-v0.24.0-linux-amd64.tar.gz"
url_api = "https://api.github.com/repos/terraform-docs/terraform-docs/releases/assets/416956208"

[tools.terraform-docs."platforms.linux-x64-musl"]
checksum = "sha256:9005daf969de0b50134493a2c00078b49f5f5b39d021cda7c89bf4d4f3d776d3"
url = "https://github.com/terraform-docs/terraform-docs/releases/download/v0.24.0/terraform-docs-v0.24.0-linux-amd64.tar.gz"
url_api = "https://api.github.com/repos/terraform-docs/terraform-docs/releases/assets/416956208"

[tools.terraform-docs."platforms.macos-arm64"]
checksum = "sha256:f6b114f4b032f3f9202ab6c23bfd28c3c8e68aeeb8a8f12fc118bf2073081d71"
url = "https://github.com/terraform-docs/terraform-docs/releases/download/v0.24.0/terraform-docs-v0.24.0-darwin-arm64.tar.gz"
url_api = "https://api.github.com/repos/terraform-docs/terraform-docs/releases/assets/416956237"

[tools.terraform-docs."platforms.macos-x64"]
checksum = "sha256:3c3f7f18f908457fd1209cbe341418f7f6bae78c08126cfbe8de0d1b06aa8781"
url = "https://github.com/terraform-docs/terraform-docs/releases/download/v0.24.0/terraform-docs-v0.24.0-darwin-amd64.tar.gz"
url_api = "https://api.github.com/repos/terraform-docs/terraform-docs/releases/assets/416956256"

[tools.terraform-docs."platforms.windows-x64"]
checksum = "sha256:afc02cbdf63726d3e5fb26a077ca1f24acd4820d7e44c21b03a3e030f9266490"
url = "https://github.com/terraform-docs/terraform-docs/releases/download/v0.24.0/terraform-docs-v0.24.0-windows-amd64.zip"
url_api = "https://api.github.com/repos/terraform-docs/terraform-docs/releases/assets/416956245"

[[tools.terraform-ls]]
version = "0.39.0"
backend = "aqua:hashicorp/terraform-ls"
specifiers = ["0.39.0"]

[tools.terraform-ls."platforms.linux-arm64"]
checksum = "sha256:62f32ea22cb78e5e5667ed638ad6e0fbde30ab59228d073c3c9bb249f89c7f5a"
url = "https://releases.hashicorp.com/terraform-ls/0.39.0/terraform-ls_0.39.0_linux_arm64.zip"

[tools.terraform-ls."platforms.linux-arm64-musl"]
checksum = "sha256:62f32ea22cb78e5e5667ed638ad6e0fbde30ab59228d073c3c9bb249f89c7f5a"
url = "https://releases.hashicorp.com/terraform-ls/0.39.0/terraform-ls_0.39.0_linux_arm64.zip"

[tools.terraform-ls."platforms.linux-x64"]
checksum = "sha256:7750edc736845fd8c04ff0fc6332423c12d8275b358668c8c17e8aedc43ef971"
url = "https://releases.hashicorp.com/terraform-ls/0.39.0/terraform-ls_0.39.0_linux_amd64.zip"

[tools.terraform-ls."platforms.linux-x64-musl"]
checksum = "sha256:7750edc736845fd8c04ff0fc6332423c12d8275b358668c8c17e8aedc43ef971"
url = "https://releases.hashicorp.com/terraform-ls/0.39.0/terraform-ls_0.39.0_linux_amd64.zip"

[tools.terraform-ls."platforms.macos-arm64"]
checksum = "sha256:6f80fe0b34af184175508f3d9135d8159f5dce4000d9b39540553eb1c267c54b"
url = "https://releases.hashicorp.com/terraform-ls/0.39.0/terraform-ls_0.39.0_darwin_arm64.zip"

[tools.terraform-ls."platforms.macos-x64"]
checksum = "sha256:cc5bbc5b5a39d12d455c0d2b1e4b3a2c1f237d02d2cf819cf5252358f2d674de"
url = "https://releases.hashicorp.com/terraform-ls/0.39.0/terraform-ls_0.39.0_darwin_amd64.zip"

[tools.terraform-ls."platforms.windows-x64"]
checksum = "sha256:6edc885fe113f6a7fd049622ed0bd255141e68c84acc2fce1bb6a54c1f47bfe1"
url = "https://releases.hashicorp.com/terraform-ls/0.39.0/terraform-ls_0.39.0_windows_amd64.zip"

[[tools.tflint]]
version = "0.64.0"
backend = "aqua:terraform-linters/tflint"
specifiers = ["0.64.0"]

[tools.tflint."platforms.linux-arm64"]
checksum = "sha256:560da89aacf59389d4eb029730dd5b109b7288096c32f2726a0d9e783a5ea8eb"
url = "https://github.com/terraform-linters/tflint/releases/download/v0.64.0/tflint_linux_arm64.zip"
url_api = "https://api.github.com/repos/terraform-linters/tflint/releases/assets/480528325"
provenance = "github-attestations"

[tools.tflint."platforms.linux-arm64-musl"]
checksum = "sha256:560da89aacf59389d4eb029730dd5b109b7288096c32f2726a0d9e783a5ea8eb"
url = "https://github.com/terraform-linters/tflint/releases/download/v0.64.0/tflint_linux_arm64.zip"
url_api = "https://api.github.com/repos/terraform-linters/tflint/releases/assets/480528325"
provenance = "github-attestations"

[tools.tflint."platforms.linux-x64"]
checksum = "sha256:cca9d13e2e1d7a2c627af60ff899a3c9b74212899416aeb96ec764d2ef954537"
url = "https://github.com/terraform-linters/tflint/releases/download/v0.64.0/tflint_linux_amd64.zip"
url_api = "https://api.github.com/repos/terraform-linters/tflint/releases/assets/480528344"
provenance = "github-attestations"

[tools.tflint."platforms.linux-x64-musl"]
checksum = "sha256:cca9d13e2e1d7a2c627af60ff899a3c9b74212899416aeb96ec764d2ef954537"
url = "https://github.com/terraform-linters/tflint/releases/download/v0.64.0/tflint_linux_amd64.zip"
url_api = "https://api.github.com/repos/terraform-linters/tflint/releases/assets/480528344"
provenance = "github-attestations"

[tools.tflint."platforms.macos-arm64"]
checksum = "sha256:2496e9cb3d24992d553b45e7c87a0fdc9449ca975233876247a9bfeda857e6c0"
url = "https://github.com/terraform-linters/tflint/releases/download/v0.64.0/tflint_darwin_arm64.zip"
url_api = "https://api.github.com/repos/terraform-linters/tflint/releases/assets/480528349"
provenance = "github-attestations"

[tools.tflint."platforms.macos-x64"]
checksum = "sha256:0f3a9fd17526014646a2dfc3f9122f7b4161abe3d6b0f0f03f9014483ddf4d19"
url = "https://github.com/terraform-linters/tflint/releases/download/v0.64.0/tflint_darwin_amd64.zip"
url_api = "https://api.github.com/repos/terraform-linters/tflint/releases/assets/480528324"
provenance = "github-attestations"

[tools.tflint."platforms.windows-x64"]
checksum = "sha256:fb42fb859d844b156a8ea9d3363078c4d8b85ca78782e60876b08c9b8e59f303"
url = "https://github.com/terraform-linters/tflint/releases/download/v0.64.0/tflint_windows_amd64.zip"
url_api = "https://api.github.com/repos/terraform-linters/tflint/releases/assets/480528323"
provenance = "github-attestations"
